// !$*UTF8*$!
{
	archiveVersion = 1;
	classes = {
	};
	objectVersion = 55;
	objects = {

/* Begin PBXBuildFile section */
		6209E252277ED7D600149303 /* Stock+CoreDataClass.swift in Sources */ = {isa = PBXBuildFile; fileRef = 6209E250277ED7D600149303 /* Stock+CoreDataClass.swift */; };
		6209E253277ED7D600149303 /* Stock+CoreDataProperties.swift in Sources */ = {isa = PBXBuildFile; fileRef = 6209E251277ED7D600149303 /* Stock+CoreDataProperties.swift */; };
		624AC3D22779361B009F835B /* SettingsView.swift in Sources */ = {isa = PBXBuildFile; fileRef = 624AC3D12779361B009F835B /* SettingsView.swift */; };
		625270EF2786340700EAB34C /* AddStockButton.swift in Sources */ = {isa = PBXBuildFile; fileRef = 625270EE2786340700EAB34C /* AddStockButton.swift */; };
		629EF39A277E587A00D177D8 /* NoStocksView.swift in Sources */ = {isa = PBXBuildFile; fileRef = 629EF399277E587A00D177D8 /* NoStocksView.swift */; };
		629EF39C277E593900D177D8 /* FavoritedStocksView.swift in Sources */ = {isa = PBXBuildFile; fileRef = 629EF39B277E593900D177D8 /* FavoritedStocksView.swift */; };
		62C3D5092773DF16006B8BB8 /* StocksApp.swift in Sources */ = {isa = PBXBuildFile; fileRef = 62C3D5082773DF16006B8BB8 /* StocksApp.swift */; };
		62C3D50B2773DF16006B8BB8 /* HomeView.swift in Sources */ = {isa = PBXBuildFile; fileRef = 62C3D50A2773DF16006B8BB8 /* HomeView.swift */; };
		62C3D50D2773DF17006B8BB8 /* Assets.xcassets in Resources */ = {isa = PBXBuildFile; fileRef = 62C3D50C2773DF17006B8BB8 /* Assets.xcassets */; };
		62C3D5102773DF17006B8BB8 /* Preview Assets.xcassets in Resources */ = {isa = PBXBuildFile; fileRef = 62C3D50F2773DF17006B8BB8 /* Preview Assets.xcassets */; };
		62C3D51C2773DFC9006B8BB8 /* LocalStock.swift in Sources */ = {isa = PBXBuildFile; fileRef = 62C3D51B2773DFC9006B8BB8 /* LocalStock.swift */; };
		62C3D51E2773E290006B8BB8 /* StockModel.swift in Sources */ = {isa = PBXBuildFile; fileRef = 62C3D51D2773E290006B8BB8 /* StockModel.swift */; };
		62C3D52127740F14006B8BB8 /* SearchBarView.swift in Sources */ = {isa = PBXBuildFile; fileRef = 62C3D52027740F14006B8BB8 /* SearchBarView.swift */; };
		62C3D523277413CF006B8BB8 /* StockCardView.swift in Sources */ = {isa = PBXBuildFile; fileRef = 62C3D522277413CF006B8BB8 /* StockCardView.swift */; };
		62C3D525277434C7006B8BB8 /* StockDetailView.swift in Sources */ = {isa = PBXBuildFile; fileRef = 62C3D524277434C7006B8BB8 /* StockDetailView.swift */; };
		62C3D52B2774BA00006B8BB8 /* SearchResultCardView.swift in Sources */ = {isa = PBXBuildFile; fileRef = 62C3D52A2774BA00006B8BB8 /* SearchResultCardView.swift */; };
		62C3D52D2774D624006B8BB8 /* SearchStocksView.swift in Sources */ = {isa = PBXBuildFile; fileRef = 62C3D52C2774D624006B8BB8 /* SearchStocksView.swift */; };
		62C3D52F27757393006B8BB8 /* StocksView.swift in Sources */ = {isa = PBXBuildFile; fileRef = 62C3D52E27757393006B8BB8 /* StocksView.swift */; };
		62C3D534277574F3006B8BB8 /* Constants.swift in Sources */ = {isa = PBXBuildFile; fileRef = 62C3D533277574F3006B8BB8 /* Constants.swift */; };
		62C3D5362776D4D1006B8BB8 /* StockGraphView.swift in Sources */ = {isa = PBXBuildFile; fileRef = 62C3D5352776D4D1006B8BB8 /* StockGraphView.swift */; };
		62DDF0EC2789EAC3006EF55C /* StockStatsView.swift in Sources */ = {isa = PBXBuildFile; fileRef = 62DDF0EB2789EAC3006EF55C /* StockStatsView.swift */; };
		62E5DF82277ACEC40022636B /* Stock Data Model.xcdatamodeld in Sources */ = {isa = PBXBuildFile; fileRef = 62E5DF80277ACEC40022636B /* Stock Data Model.xcdatamodeld */; };
		62E5DF84277B56270022636B /* DataController.swift in Sources */ = {isa = PBXBuildFile; fileRef = 62E5DF83277B56270022636B /* DataController.swift */; };
/* End PBXBuildFile section */

/* Begin PBXFileReference section */
		6209E250277ED7D600149303 /* Stock+CoreDataClass.swift */ = {isa = PBXFileReference; lastKnownFileType = sourcecode.swift; path = "Stock+CoreDataClass.swift"; sourceTree = "<group>"; };
		6209E251277ED7D600149303 /* Stock+CoreDataProperties.swift */ = {isa = PBXFileReference; lastKnownFileType = sourcecode.swift; path = "Stock+CoreDataProperties.swift"; sourceTree = "<group>"; };
		624AC3D12779361B009F835B /* SettingsView.swift */ = {isa = PBXFileReference; lastKnownFileType = sourcecode.swift; path = SettingsView.swift; sourceTree = "<group>"; };
		625270EE2786340700EAB34C /* AddStockButton.swift */ = {isa = PBXFileReference; lastKnownFileType = sourcecode.swift; path = AddStockButton.swift; sourceTree = "<group>"; };
		629EF399277E587A00D177D8 /* NoStocksView.swift */ = {isa = PBXFileReference; lastKnownFileType = sourcecode.swift; path = NoStocksView.swift; sourceTree = "<group>"; };
		629EF39B277E593900D177D8 /* FavoritedStocksView.swift */ = {isa = PBXFileReference; lastKnownFileType = sourcecode.swift; path = FavoritedStocksView.swift; sourceTree = "<group>"; };
		62C3D5052773DF16006B8BB8 /* Stocks.app */ = {isa = PBXFileReference; explicitFileType = wrapper.application; includeInIndex = 0; path = Stocks.app; sourceTree = BUILT_PRODUCTS_DIR; };
		62C3D5082773DF16006B8BB8 /* StocksApp.swift */ = {isa = PBXFileReference; lastKnownFileType = sourcecode.swift; path = StocksApp.swift; sourceTree = "<group>"; };
		62C3D50A2773DF16006B8BB8 /* HomeView.swift */ = {isa = PBXFileReference; lastKnownFileType = sourcecode.swift; path = HomeView.swift; sourceTree = "<group>"; };
		62C3D50C2773DF17006B8BB8 /* Assets.xcassets */ = {isa = PBXFileReference; lastKnownFileType = folder.assetcatalog; path = Assets.xcassets; sourceTree = "<group>"; };
		62C3D50F2773DF17006B8BB8 /* Preview Assets.xcassets */ = {isa = PBXFileReference; lastKnownFileType = folder.assetcatalog; path = "Preview Assets.xcassets"; sourceTree = "<group>"; };
		62C3D51B2773DFC9006B8BB8 /* LocalStock.swift */ = {isa = PBXFileReference; lastKnownFileType = sourcecode.swift; path = LocalStock.swift; sourceTree = "<group>"; };
		62C3D51D2773E290006B8BB8 /* StockModel.swift */ = {isa = PBXFileReference; lastKnownFileType = sourcecode.swift; path = StockModel.swift; sourceTree = "<group>"; };
		62C3D52027740F14006B8BB8 /* SearchBarView.swift */ = {isa = PBXFileReference; lastKnownFileType = sourcecode.swift; path = SearchBarView.swift; sourceTree = "<group>"; };
		62C3D522277413CF006B8BB8 /* StockCardView.swift */ = {isa = PBXFileReference; lastKnownFileType = sourcecode.swift; path = StockCardView.swift; sourceTree = "<group>"; };
		62C3D524277434C7006B8BB8 /* StockDetailView.swift */ = {isa = PBXFileReference; lastKnownFileType = sourcecode.swift; path = StockDetailView.swift; sourceTree = "<group>"; };
		62C3D52A2774BA00006B8BB8 /* SearchResultCardView.swift */ = {isa = PBXFileReference; lastKnownFileType = sourcecode.swift; path = SearchResultCardView.swift; sourceTree = "<group>"; };
		62C3D52C2774D624006B8BB8 /* SearchStocksView.swift */ = {isa = PBXFileReference; lastKnownFileType = sourcecode.swift; path = SearchStocksView.swift; sourceTree = "<group>"; };
		62C3D52E27757393006B8BB8 /* StocksView.swift */ = {isa = PBXFileReference; lastKnownFileType = sourcecode.swift; path = StocksView.swift; sourceTree = "<group>"; };
		62C3D533277574F3006B8BB8 /* Constants.swift */ = {isa = PBXFileReference; lastKnownFileType = sourcecode.swift; path = Constants.swift; sourceTree = "<group>"; };
		62C3D5352776D4D1006B8BB8 /* StockGraphView.swift */ = {isa = PBXFileReference; lastKnownFileType = sourcecode.swift; path = StockGraphView.swift; sourceTree = "<group>"; };
		62DDF0EB2789EAC3006EF55C /* StockStatsView.swift */ = {isa = PBXFileReference; lastKnownFileType = sourcecode.swift; path = StockStatsView.swift; sourceTree = "<group>"; };
		62E5DF81277ACEC40022636B /* Stock Data Model.xcdatamodel */ = {isa = PBXFileReference; lastKnownFileType = wrapper.xcdatamodel; path = "Stock Data Model.xcdatamodel"; sourceTree = "<group>"; };
		62E5DF83277B56270022636B /* DataController.swift */ = {isa = PBXFileReference; lastKnownFileType = sourcecode.swift; path = DataController.swift; sourceTree = "<group>"; };
/* End PBXFileReference section */

/* Begin PBXFrameworksBuildPhase section */
		62C3D5022773DF16006B8BB8 /* Frameworks */ = {
			isa = PBXFrameworksBuildPhase;
			buildActionMask = 2147483647;
			files = (
			);
			runOnlyForDeploymentPostprocessing = 0;
		};
/* End PBXFrameworksBuildPhase section */

/* Begin PBXGroup section */
		625270ED278633F600EAB34C /* Buttons */ = {
			isa = PBXGroup;
			children = (
				625270EE2786340700EAB34C /* AddStockButton.swift */,
			);
			path = Buttons;
			sourceTree = "<group>";
		};
		62C3D4FC2773DF16006B8BB8 = {
			isa = PBXGroup;
			children = (
				62C3D5072773DF16006B8BB8 /* Stocks */,
				62C3D5062773DF16006B8BB8 /* Products */,
			);
			sourceTree = "<group>";
		};
		62C3D5062773DF16006B8BB8 /* Products */ = {
			isa = PBXGroup;
			children = (
				62C3D5052773DF16006B8BB8 /* Stocks.app */,
			);
			name = Products;
			sourceTree = "<group>";
		};
		62C3D5072773DF16006B8BB8 /* Stocks */ = {
			isa = PBXGroup;
			children = (
				62C3D5082773DF16006B8BB8 /* StocksApp.swift */,
				62C3D5162773DF1D006B8BB8 /* Views */,
				62C3D5182773DF24006B8BB8 /* View Models */,
				62C3D5172773DF20006B8BB8 /* Models */,
				62C3D533277574F3006B8BB8 /* Constants.swift */,
				62C3D50C2773DF17006B8BB8 /* Assets.xcassets */,
				62C3D50E2773DF17006B8BB8 /* Preview Content */,
			);
			path = Stocks;
			sourceTree = "<group>";
		};
		62C3D50E2773DF17006B8BB8 /* Preview Content */ = {
			isa = PBXGroup;
			children = (
				62C3D50F2773DF17006B8BB8 /* Preview Assets.xcassets */,
			);
			path = "Preview Content";
			sourceTree = "<group>";
		};
		62C3D5162773DF1D006B8BB8 /* Views */ = {
			isa = PBXGroup;
			children = (
				62C3D50A2773DF16006B8BB8 /* HomeView.swift */,
				62C3D530277573AC006B8BB8 /* Stocks */,
				62C3D531277573C8006B8BB8 /* Search */,
				625270ED278633F600EAB34C /* Buttons */,
				624AC3D12779361B009F835B /* SettingsView.swift */,
			);
			path = Views;
			sourceTree = "<group>";
		};
		62C3D5172773DF20006B8BB8 /* Models */ = {
			isa = PBXGroup;
			children = (
				62C3D51B2773DFC9006B8BB8 /* LocalStock.swift */,
				62E5DF8D277B7DF00022636B /* CoreData */,
			);
			path = Models;
			sourceTree = "<group>";
		};
		62C3D5182773DF24006B8BB8 /* View Models */ = {
			isa = PBXGroup;
			children = (
				62C3D51D2773E290006B8BB8 /* StockModel.swift */,
			);
			path = "View Models";
			sourceTree = "<group>";
		};
		62C3D530277573AC006B8BB8 /* Stocks */ = {
			isa = PBXGroup;
			children = (
				62C3D52E27757393006B8BB8 /* StocksView.swift */,
				629EF399277E587A00D177D8 /* NoStocksView.swift */,
				629EF39B277E593900D177D8 /* FavoritedStocksView.swift */,
				62C3D522277413CF006B8BB8 /* StockCardView.swift */,
				62C3D524277434C7006B8BB8 /* StockDetailView.swift */,
				62DDF0EB2789EAC3006EF55C /* StockStatsView.swift */,
				62C3D5352776D4D1006B8BB8 /* StockGraphView.swift */,
			);
			path = Stocks;
			sourceTree = "<group>";
		};
		62C3D531277573C8006B8BB8 /* Search */ = {
			isa = PBXGroup;
			children = (
				62C3D52C2774D624006B8BB8 /* SearchStocksView.swift */,
				62C3D52027740F14006B8BB8 /* SearchBarView.swift */,
				62C3D52A2774BA00006B8BB8 /* SearchResultCardView.swift */,
			);
			path = Search;
			sourceTree = "<group>";
		};
		62E5DF8D277B7DF00022636B /* CoreData */ = {
			isa = PBXGroup;
			children = (
				62E5DF83277B56270022636B /* DataController.swift */,
				62E5DF80277ACEC40022636B /* Stock Data Model.xcdatamodeld */,
				6209E250277ED7D600149303 /* Stock+CoreDataClass.swift */,
				6209E251277ED7D600149303 /* Stock+CoreDataProperties.swift */,
			);
			path = CoreData;
			sourceTree = "<group>";
		};
/* End PBXGroup section */

/* Begin PBXNativeTarget section */
		62C3D5042773DF16006B8BB8 /* Stocks */ = {
			isa = PBXNativeTarget;
			buildConfigurationList = 62C3D5132773DF17006B8BB8 /* Build configuration list for PBXNativeTarget "Stocks" */;
			buildPhases = (
				62C3D5012773DF16006B8BB8 /* Sources */,
				62C3D5022773DF16006B8BB8 /* Frameworks */,
				62C3D5032773DF16006B8BB8 /* Resources */,
			);
			buildRules = (
			);
			dependencies = (
			);
			name = Stocks;
			productName = Stocks;
			productReference = 62C3D5052773DF16006B8BB8 /* Stocks.app */;
			productType = "com.apple.product-type.application";
		};
/* End PBXNativeTarget section */

/* Begin PBXProject section */
		62C3D4FD2773DF16006B8BB8 /* Project object */ = {
			isa = PBXProject;
			attributes = {
				BuildIndependentTargetsInParallel = 1;
				LastSwiftUpdateCheck = 1320;
				LastUpgradeCheck = 1320;
				TargetAttributes = {
					62C3D5042773DF16006B8BB8 = {
						CreatedOnToolsVersion = 13.2;
					};
				};
			};
			buildConfigurationList = 62C3D5002773DF16006B8BB8 /* Build configuration list for PBXProject "Stocks" */;
			compatibilityVersion = "Xcode 13.0";
			developmentRegion = en;
			hasScannedForEncodings = 0;
			knownRegions = (
				en,
				Base,
			);
			mainGroup = 62C3D4FC2773DF16006B8BB8;
			productRefGroup = 62C3D5062773DF16006B8BB8 /* Products */;
			projectDirPath = "";
			projectRoot = "";
			targets = (
				62C3D5042773DF16006B8BB8 /* Stocks */,
			);
		};
/* End PBXProject section */

/* Begin PBXResourcesBuildPhase section */
		62C3D5032773DF16006B8BB8 /* Resources */ = {
			isa = PBXResourcesBuildPhase;
			buildActionMask = 2147483647;
			files = (
				62C3D5102773DF17006B8BB8 /* Preview Assets.xcassets in Resources */,
				62C3D50D2773DF17006B8BB8 /* Assets.xcassets in Resources */,
			);
			runOnlyForDeploymentPostprocessing = 0;
		};
/* End PBXResourcesBuildPhase section */

/* Begin PBXSourcesBuildPhase section */
		62C3D5012773DF16006B8BB8 /* Sources */ = {
			isa = PBXSourcesBuildPhase;
			buildActionMask = 2147483647;
			files = (
				6209E253277ED7D600149303 /* Stock+CoreDataProperties.swift in Sources */,
				62C3D525277434C7006B8BB8 /* StockDetailView.swift in Sources */,
				629EF39A277E587A00D177D8 /* NoStocksView.swift in Sources */,
				6209E252277ED7D600149303 /* Stock+CoreDataClass.swift in Sources */,
				62C3D534277574F3006B8BB8 /* Constants.swift in Sources */,
				62DDF0EC2789EAC3006EF55C /* StockStatsView.swift in Sources */,
				62E5DF82277ACEC40022636B /* Stock Data Model.xcdatamodeld in Sources */,
				62C3D52B2774BA00006B8BB8 /* SearchResultCardView.swift in Sources */,
				62C3D52127740F14006B8BB8 /* SearchBarView.swift in Sources */,
				62C3D51E2773E290006B8BB8 /* StockModel.swift in Sources */,
				62C3D52D2774D624006B8BB8 /* SearchStocksView.swift in Sources */,
				62C3D50B2773DF16006B8BB8 /* HomeView.swift in Sources */,
				62C3D5092773DF16006B8BB8 /* StocksApp.swift in Sources */,
				62C3D51C2773DFC9006B8BB8 /* LocalStock.swift in Sources */,
				62E5DF84277B56270022636B /* DataController.swift in Sources */,
				62C3D523277413CF006B8BB8 /* StockCardView.swift in Sources */,
				625270EF2786340700EAB34C /* AddStockButton.swift in Sources */,
				62C3D52F27757393006B8BB8 /* StocksView.swift in Sources */,
				62C3D5362776D4D1006B8BB8 /* StockGraphView.swift in Sources */,
				629EF39C277E593900D177D8 /* FavoritedStocksView.swift in Sources */,
				624AC3D22779361B009F835B /* SettingsView.swift in Sources */,
			);
			runOnlyForDeploymentPostprocessing = 0;
		};
/* End PBXSourcesBuildPhase section */

/* Begin XCBuildConfiguration section */
		62C3D5112773DF17006B8BB8 /* Debug */ = {
			isa = XCBuildConfiguration;
			buildSettings = {
				ALWAYS_SEARCH_USER_PATHS = NO;
				CLANG_ANALYZER_NONNULL = YES;
				CLANG_ANALYZER_NUMBER_OBJECT_CONVERSION = YES_AGGRESSIVE;
				CLANG_CXX_LANGUAGE_STANDARD = "gnu++17";
				CLANG_CXX_LIBRARY = "libc++";
				CLANG_ENABLE_MODULES = YES;
				CLANG_ENABLE_OBJC_ARC = YES;
				CLANG_ENABLE_OBJC_WEAK = YES;
				CLANG_WARN_BLOCK_CAPTURE_AUTORELEASING = YES;
				CLANG_WARN_BOOL_CONVERSION = YES;
				CLANG_WARN_COMMA = YES;
				CLANG_WARN_CONSTANT_CONVERSION = YES;
				CLANG_WARN_DEPRECATED_OBJC_IMPLEMENTATIONS = YES;
				CLANG_WARN_DIRECT_OBJC_ISA_USAGE = YES_ERROR;
				CLANG_WARN_DOCUMENTATION_COMMENTS = YES;
				CLANG_WARN_EMPTY_BODY = YES;
				CLANG_WARN_ENUM_CONVERSION = YES;
				CLANG_WARN_INFINITE_RECURSION = YES;
				CLANG_WARN_INT_CONVERSION = YES;
				CLANG_WARN_NON_LITERAL_NULL_CONVERSION = YES;
				CLANG_WARN_OBJC_IMPLICIT_RETAIN_SELF = YES;
				CLANG_WARN_OBJC_LITERAL_CONVERSION = YES;
				CLANG_WARN_OBJC_ROOT_CLASS = YES_ERROR;
				CLANG_WARN_QUOTED_INCLUDE_IN_FRAMEWORK_HEADER = YES;
				CLANG_WARN_RANGE_LOOP_ANALYSIS = YES;
				CLANG_WARN_STRICT_PROTOTYPES = YES;
				CLANG_WARN_SUSPICIOUS_MOVE = YES;
				CLANG_WARN_UNGUARDED_AVAILABILITY = YES_AGGRESSIVE;
				CLANG_WARN_UNREACHABLE_CODE = YES;
				CLANG_WARN__DUPLICATE_METHOD_MATCH = YES;
				COPY_PHASE_STRIP = NO;
				DEBUG_INFORMATION_FORMAT = dwarf;
				ENABLE_STRICT_OBJC_MSGSEND = YES;
				ENABLE_TESTABILITY = YES;
				GCC_C_LANGUAGE_STANDARD = gnu11;
				GCC_DYNAMIC_NO_PIC = NO;
				GCC_NO_COMMON_BLOCKS = YES;
				GCC_OPTIMIZATION_LEVEL = 0;
				GCC_PREPROCESSOR_DEFINITIONS = (
					"DEBUG=1",
					"$(inherited)",
				);
				GCC_WARN_64_TO_32_BIT_CONVERSION = YES;
				GCC_WARN_ABOUT_RETURN_TYPE = YES_ERROR;
				GCC_WARN_UNDECLARED_SELECTOR = YES;
				GCC_WARN_UNINITIALIZED_AUTOS = YES_AGGRESSIVE;
				GCC_WARN_UNUSED_FUNCTION = YES;
				GCC_WARN_UNUSED_VARIABLE = YES;
				IPHONEOS_DEPLOYMENT_TARGET = 15.2;
				MTL_ENABLE_DEBUG_INFO = INCLUDE_SOURCE;
				MTL_FAST_MATH = YES;
				ONLY_ACTIVE_ARCH = YES;
				SDKROOT = iphoneos;
				SWIFT_ACTIVE_COMPILATION_CONDITIONS = DEBUG;
				SWIFT_OPTIMIZATION_LEVEL = "-Onone";
			};
			name = Debug;
		};
		62C3D5122773DF17006B8BB8 /* Release */ = {
			isa = XCBuildConfiguration;
			buildSettings = {
				ALWAYS_SEARCH_USER_PATHS = NO;
				CLANG_ANALYZER_NONNULL = YES;
				CLANG_ANALYZER_NUMBER_OBJECT_CONVERSION = YES_AGGRESSIVE;
				CLANG_CXX_LANGUAGE_STANDARD = "gnu++17";
				CLANG_CXX_LIBRARY = "libc++";
				CLANG_ENABLE_MODULES = YES;
				CLANG_ENABLE_OBJC_ARC = YES;
				CLANG_ENABLE_OBJC_WEAK = YES;
				CLANG_WARN_BLOCK_CAPTURE_AUTORELEASING = YES;
				CLANG_WARN_BOOL_CONVERSION = YES;
				CLANG_WARN_COMMA = YES;
				CLANG_WARN_CONSTANT_CONVERSION = YES;
				CLANG_WARN_DEPRECATED_OBJC_IMPLEMENTATIONS = YES;
				CLANG_WARN_DIRECT_OBJC_ISA_USAGE = YES_ERROR;
				CLANG_WARN_DOCUMENTATION_COMMENTS = YES;
				CLANG_WARN_EMPTY_BODY = YES;
				CLANG_WARN_ENUM_CONVERSION = YES;
				CLANG_WARN_INFINITE_RECURSION = YES;
				CLANG_WARN_INT_CONVERSION = YES;
				CLANG_WARN_NON_LITERAL_NULL_CONVERSION = YES;
				CLANG_WARN_OBJC_IMPLICIT_RETAIN_SELF = YES;
				CLANG_WARN_OBJC_LITERAL_CONVERSION = YES;
				CLANG_WARN_OBJC_ROOT_CLASS = YES_ERROR;
				CLANG_WARN_QUOTED_INCLUDE_IN_FRAMEWORK_HEADER = YES;
				CLANG_WARN_RANGE_LOOP_ANALYSIS = YES;
				CLANG_WARN_STRICT_PROTOTYPES = YES;
				CLANG_WARN_SUSPICIOUS_MOVE = YES;
				CLANG_WARN_UNGUARDED_AVAILABILITY = YES_AGGRESSIVE;
				CLANG_WARN_UNREACHABLE_CODE = YES;
				CLANG_WARN__DUPLICATE_METHOD_MATCH = YES;
				COPY_PHASE_STRIP = NO;
				DEBUG_INFORMATION_FORMAT = "dwarf-with-dsym";
				ENABLE_NS_ASSERTIONS = NO;
				ENABLE_STRICT_OBJC_MSGSEND = YES;
				GCC_C_LANGUAGE_STANDARD = gnu11;
				GCC_NO_COMMON_BLOCKS = YES;
				GCC_WARN_64_TO_32_BIT_CONVERSION = YES;
				GCC_WARN_ABOUT_RETURN_TYPE = YES_ERROR;
				GCC_WARN_UNDECLARED_SELECTOR = YES;
				GCC_WARN_UNINITIALIZED_AUTOS = YES_AGGRESSIVE;
				GCC_WARN_UNUSED_FUNCTION = YES;
				GCC_WARN_UNUSED_VARIABLE = YES;
				IPHONEOS_DEPLOYMENT_TARGET = 15.2;
				MTL_ENABLE_DEBUG_INFO = NO;
				MTL_FAST_MATH = YES;
				SDKROOT = iphoneos;
				SWIFT_COMPILATION_MODE = wholemodule;
				SWIFT_OPTIMIZATION_LEVEL = "-O";
				VALIDATE_PRODUCT = YES;
			};
			name = Release;
		};
		62C3D5142773DF17006B8BB8 /* Debug */ = {
			isa = XCBuildConfiguration;
			buildSettings = {
				ASSETCATALOG_COMPILER_APPICON_NAME = AppIcon;
				ASSETCATALOG_COMPILER_GLOBAL_ACCENT_COLOR_NAME = AccentColor;
				CODE_SIGN_STYLE = Automatic;
				CURRENT_PROJECT_VERSION = 1;
				DEVELOPMENT_ASSET_PATHS = "\"Stocks/Preview Content\"";
				DEVELOPMENT_TEAM = BMNBE7JVDJ;
				ENABLE_PREVIEWS = YES;
				GENERATE_INFOPLIST_FILE = YES;
				INFOPLIST_KEY_UIApplicationSceneManifest_Generation = YES;
				INFOPLIST_KEY_UIApplicationSupportsIndirectInputEvents = YES;
				INFOPLIST_KEY_UILaunchScreen_Generation = YES;
				INFOPLIST_KEY_UISupportedInterfaceOrientations_iPad = "UIInterfaceOrientationPortrait UIInterfaceOrientationPortraitUpsideDown UIInterfaceOrientationLandscapeLeft UIInterfaceOrientationLandscapeRight";
				INFOPLIST_KEY_UISupportedInterfaceOrientations_iPhone = "UIInterfaceOrientationPortrait UIInterfaceOrientationLandscapeLeft UIInterfaceOrientationLandscapeRight";
				LD_RUNPATH_SEARCH_PATHS = (
					"$(inherited)",
					"@executable_path/Frameworks",
				);
				MARKETING_VERSION = 1.0;
				PRODUCT_BUNDLE_IDENTIFIER = "Eli-Hartnett.Stocks";
				PRODUCT_NAME = "$(TARGET_NAME)";
				SWIFT_EMIT_LOC_STRINGS = YES;
				SWIFT_VERSION = 5.0;
				TARGETED_DEVICE_FAMILY = "1,2";
			};
			name = Debug;
		};
		62C3D5152773DF17006B8BB8 /* Release */ = {
			isa = XCBuildConfiguration;
			buildSettings = {
				ASSETCATALOG_COMPILER_APPICON_NAME = AppIcon;
				ASSETCATALOG_COMPILER_GLOBAL_ACCENT_COLOR_NAME = AccentColor;
				CODE_SIGN_STYLE = Automatic;
				CURRENT_PROJECT_VERSION = 1;
				DEVELOPMENT_ASSET_PATHS = "\"Stocks/Preview Content\"";
				DEVELOPMENT_TEAM = BMNBE7JVDJ;
				ENABLE_PREVIEWS = YES;
				GENERATE_INFOPLIST_FILE = YES;
				INFOPLIST_KEY_UIApplicationSceneManifest_Generation = YES;
				INFOPLIST_KEY_UIApplicationSupportsIndirectInputEvents = YES;
				INFOPLIST_KEY_UILaunchScreen_Generation = YES;
				INFOPLIST_KEY_UISupportedInterfaceOrientations_iPad = "UIInterfaceOrientationPortrait UIInterfaceOrientationPortraitUpsideDown UIInterfaceOrientationLandscapeLeft UIInterfaceOrientationLandscapeRight";
				INFOPLIST_KEY_UISupportedInterfaceOrientations_iPhone = "UIInterfaceOrientationPortrait UIInterfaceOrientationLandscapeLeft UIInterfaceOrientationLandscapeRight";
				LD_RUNPATH_SEARCH_PATHS = (
					"$(inherited)",
					"@executable_path/Frameworks",
				);
				MARKETING_VERSION = 1.0;
				PRODUCT_BUNDLE_IDENTIFIER = "Eli-Hartnett.Stocks";
				PRODUCT_NAME = "$(TARGET_NAME)";
				SWIFT_EMIT_LOC_STRINGS = YES;
				SWIFT_VERSION = 5.0;
				TARGETED_DEVICE_FAMILY = "1,2";
			};
			name = Release;
		};
/* End XCBuildConfiguration section */

/* Begin XCConfigurationList section */
		62C3D5002773DF16006B8BB8 /* Build configuration list for PBXProject "Stocks" */ = {
			isa = XCConfigurationList;
			buildConfigurations = (
				62C3D5112773DF17006B8BB8 /* Debug */,
				62C3D5122773DF17006B8BB8 /* Release */,
			);
			defaultConfigurationIsVisible = 0;
			defaultConfigurationName = Release;
		};
		62C3D5132773DF17006B8BB8 /* Build configuration list for PBXNativeTarget "Stocks" */ = {
			isa = XCConfigurationList;
			buildConfigurations = (
				62C3D5142773DF17006B8BB8 /* Debug */,
				62C3D5152773DF17006B8BB8 /* Release */,
			);
			defaultConfigurationIsVisible = 0;
			defaultConfigurationName = Release;
		};
/* End XCConfigurationList section */

/* Begin XCVersionGroup section */
		62E5DF80277ACEC40022636B /* Stock Data Model.xcdatamodeld */ = {
			isa = XCVersionGroup;
			children = (
				62E5DF81277ACEC40022636B /* Stock Data Model.xcdatamodel */,
			);
			currentVersion = 62E5DF81277ACEC40022636B /* Stock Data Model.xcdatamodel */;
			path = "Stock Data Model.xcdatamodeld";
			sourceTree = "<group>";
			versionGroupType = wrapper.xcdatamodel;
		};
/* End XCVersionGroup section */
	};
	rootObject = 62C3D4FD2773DF16006B8BB8 /* Project object */;
}
